// !$*UTF8*$!
{
	archiveVersion = 1;
	classes = {
	};
	objectVersion = 46;
	objects = {

/* Begin PBXBuildFile section */
		C43288F41E83A4660007B626 /* main.m in Sources */ = {isa = PBXBuildFile; fileRef = C43288F31E83A4660007B626 /* main.m */; };
		C43288F71E83A4660007B626 /* AppDelegate.m in Sources */ = {isa = PBXBuildFile; fileRef = C43288F61E83A4660007B626 /* AppDelegate.m */; };
		C43288FA1E83A4660007B626 /* ViewController.m in Sources */ = {isa = PBXBuildFile; fileRef = C43288F91E83A4660007B626 /* ViewController.m */; };
		C43288FD1E83A4660007B626 /* Main.storyboard in Resources */ = {isa = PBXBuildFile; fileRef = C43288FB1E83A4660007B626 /* Main.storyboard */; };
		C43288FF1E83A4660007B626 /* Assets.xcassets in Resources */ = {isa = PBXBuildFile; fileRef = C43288FE1E83A4660007B626 /* Assets.xcassets */; };
		C43289021E83A4660007B626 /* LaunchScreen.storyboard in Resources */ = {isa = PBXBuildFile; fileRef = C43289001E83A4660007B626 /* LaunchScreen.storyboard */; };
/* End PBXBuildFile section */

/* Begin PBXFileReference section */
		C43288EF1E83A4660007B626 /* JDPlayerPro.app */ = {isa = PBXFileReference; explicitFileType = wrapper.application; includeInIndex = 0; path = JDPlayerPro.app; sourceTree = BUILT_PRODUCTS_DIR; };
		C43288F31E83A4660007B626 /* main.m */ = {isa = PBXFileReference; lastKnownFileType = sourcecode.c.objc; path = main.m; sourceTree = "<group>"; };
		C43288F51E83A4660007B626 /* AppDelegate.h */ = {isa = PBXFileReference; lastKnownFileType = sourcecode.c.h; path = AppDelegate.h; sourceTree = "<group>"; };
		C43288F61E83A4660007B626 /* AppDelegate.m */ = {isa = PBXFileReference; lastKnownFileType = sourcecode.c.objc; path = AppDelegate.m; sourceTree = "<group>"; };
		C43288F81E83A4660007B626 /* ViewController.h */ = {isa = PBXFileReference; lastKnownFileType = sourcecode.c.h; path = ViewController.h; sourceTree = "<group>"; };
		C43288F91E83A4660007B626 /* ViewController.m */ = {isa = PBXFileReference; lastKnownFileType = sourcecode.c.objc; path = ViewController.m; sourceTree = "<group>"; };
		C43288FC1E83A4660007B626 /* Base */ = {isa = PBXFileReference; lastKnownFileType = file.storyboard; name = Base; path = Base.lproj/Main.storyboard; sourceTree = "<group>"; };
		C43288FE1E83A4660007B626 /* Assets.xcassets */ = {isa = PBXFileReference; lastKnownFileType = folder.assetcatalog; path = Assets.xcassets; sourceTree = "<group>"; };
		C43289011E83A4660007B626 /* Base */ = {isa = PBXFileReference; lastKnownFileType = file.storyboard; name = Base; path = Base.lproj/LaunchScreen.storyboard; sourceTree = "<group>"; };
		C43289031E83A4660007B626 /* Info.plist */ = {isa = PBXFileReference; lastKnownFileType = text.plist.xml; path = Info.plist; sourceTree = "<group>"; };
/* End PBXFileReference section */

/* Begin PBXFrameworksBuildPhase section */
		C43288EC1E83A4660007B626 /* Frameworks */ = {
			isa = PBXFrameworksBuildPhase;
			buildActionMask = 2147483647;
			files = (
			);
			runOnlyForDeploymentPostprocessing = 0;
		};
/* End PBXFrameworksBuildPhase section */

/* Begin PBXGroup section */
		C43288E61E83A4660007B626 = {
			isa = PBXGroup;
			children = (
				C43288F11E83A4660007B626 /* JDPlayerPro */,
				C43288F01E83A4660007B626 /* Products */,
			);
			sourceTree = "<group>";
		};
		C43288F01E83A4660007B626 /* Products */ = {
			isa = PBXGroup;
			children = (
				C43288EF1E83A4660007B626 /* JDPlayerPro.app */,
			);
			name = Products;
			sourceTree = "<group>";
		};
		C43288F11E83A4660007B626 /* JDPlayerPro */ = {
			isa = PBXGroup;
			children = (
				C43288F51E83A4660007B626 /* AppDelegate.h */,
				C43288F61E83A4660007B626 /* AppDelegate.m */,
				C43288F81E83A4660007B626 /* ViewController.h */,
				C43288F91E83A4660007B626 /* ViewController.m */,
				C43288FB1E83A4660007B626 /* Main.storyboard */,
				C43288FE1E83A4660007B626 /* Assets.xcassets */,
				C43289001E83A4660007B626 /* LaunchScreen.storyboard */,
				C43289031E83A4660007B626 /* Info.plist */,
				C43288F21E83A4660007B626 /* Supporting Files */,
			);
			path = JDPlayerPro;
			sourceTree = "<group>";
		};
		C43288F21E83A4660007B626 /* Supporting Files */ = {
			isa = PBXGroup;
			children = (
				C43288F31E83A4660007B626 /* main.m */,
			);
			name = "Supporting Files";
			sourceTree = "<group>";
		};
/* End PBXGroup section */

/* Begin PBXNativeTarget section */
		C43288EE1E83A4660007B626 /* JDPlayerPro */ = {
			isa = PBXNativeTarget;
			buildConfigurationList = C43289061E83A4660007B626 /* Build configuration list for PBXNativeTarget "JDPlayerPro" */;
			buildPhases = (
				C43288EB1E83A4660007B626 /* Sources */,
				C43288EC1E83A4660007B626 /* Frameworks */,
				C43288ED1E83A4660007B626 /* Resources */,
			);
			buildRules = (
			);
			dependencies = (
			);
			name = JDPlayerPro;
			productName = JDPlayerPro;
			productReference = C43288EF1E83A4660007B626 /* JDPlayerPro.app */;
			productType = "com.apple.product-type.application";
		};
/* End PBXNativeTarget section */

/* Begin PBXProject section */
		C43288E71E83A4660007B626 /* Project object */ = {
			isa = PBXProject;
			attributes = {
				LastUpgradeCheck = 0820;
				ORGANIZATIONNAME = depa;
				TargetAttributes = {
					C43288EE1E83A4660007B626 = {
						CreatedOnToolsVersion = 8.2.1;
						DevelopmentTeam = BENRNW999J;
						ProvisioningStyle = Automatic;
					};
				};
			};
			buildConfigurationList = C43288EA1E83A4660007B626 /* Build configuration list for PBXProject "JDPlayerPro" */;
			compatibilityVersion = "Xcode 3.2";
			developmentRegion = English;
			hasScannedForEncodings = 0;
			knownRegions = (
				en,
				Base,
			);
			mainGroup = C43288E61E83A4660007B626;
			productRefGroup = C43288F01E83A4660007B626 /* Products */;
			projectDirPath = "";
			projectRoot = "";
			targets = (
				C43288EE1E83A4660007B626 /* JDPlayerPro */,
			);
		};
/* End PBXProject section */

/* Begin PBXResourcesBuildPhase section */
		C43288ED1E83A4660007B626 /* Resources */ = {
			isa = PBXResourcesBuildPhase;
			buildActionMask = 2147483647;
			files = (
				C43289021E83A4660007B626 /* LaunchScreen.storyboard in Resources */,
				C43288FF1E83A4660007B626 /* Assets.xcassets in Resources */,
				C43288FD1E83A4660007B626 /* Main.storyboard in Resources */,
			);
			runOnlyForDeploymentPostprocessing = 0;
		};
/* End PBXResourcesBuildPhase section */

/* Begin PBXSourcesBuildPhase section */
		C43288EB1E83A4660007B626 /* Sources */ = {
			isa = PBXSourcesBuildPhase;
			buildActionMask = 2147483647;
			files = (
				C43288FA1E83A4660007B626 /* ViewController.m in Sources */,
				C43288F71E83A4660007B626 /* AppDelegate.m in Sources */,
				C43288F41E83A4660007B626 /* main.m in Sources */,
			);
			runOnlyForDeploymentPostprocessing = 0;
		};
/* End PBXSourcesBuildPhase section */

/* Begin PBXVariantGroup section */
		C43288FB1E83A4660007B626 /* Main.storyboard */ = {
			isa = PBXVariantGroup;
			children = (
				C43288FC1E83A4660007B626 /* Base */,
			);
			name = Main.storyboard;
			sourceTree = "<group>";
		};
		C43289001E83A4660007B626 /* LaunchScreen.storyboard */ = {
			isa = PBXVariantGroup;
			children = (
				C43289011E83A4660007B626 /* Base */,
			);
			name = LaunchScreen.storyboard;
			sourceTree = "<group>";
		};
/* End PBXVariantGroup section */

/* Begin XCBuildConfiguration section */
		C43289041E83A4660007B626 /* Debug */ = {
			isa = XCBuildConfiguration;
			buildSettings = {
				ALWAYS_SEARCH_USER_PATHS = NO;
				CLANG_ANALYZER_NONNULL = YES;
				CLANG_CXX_LANGUAGE_STANDARD = "gnu++0x";
				CLANG_CXX_LIBRARY = "libc++";
				CLANG_ENABLE_MODULES = YES;
				CLANG_ENABLE_OBJC_ARC = YES;
				CLANG_WARN_BOOL_CONVERSION = YES;
				CLANG_WARN_CONSTANT_CONVERSION = YES;
				CLANG_WARN_DIRECT_OBJC_ISA_USAGE = YES_ERROR;
				CLANG_WARN_DOCUMENTATION_COMMENTS = YES;
				CLANG_WARN_EMPTY_BODY = YES;
				CLANG_WARN_ENUM_CONVERSION = YES;
				CLANG_WARN_INFINITE_RECURSION = YES;
				CLANG_WARN_INT_CONVERSION = YES;
				CLANG_WARN_OBJC_ROOT_CLASS = YES_ERROR;
				CLANG_WARN_SUSPICIOUS_MOVE = YES;
				CLANG_WARN_UNREACHABLE_CODE = YES;
				CLANG_WARN__DUPLICATE_METHOD_MATCH = YES;
				"CODE_SIGN_IDENTITY[sdk=iphoneos*]" = "iPhone Developer";
				COPY_PHASE_STRIP = NO;
				DEBUG_INFORMATION_FORMAT = dwarf;
				ENABLE_STRICT_OBJC_MSGSEND = YES;
				ENABLE_TESTABILITY = YES;
				GCC_C_LANGUAGE_STANDARD = gnu99;
				GCC_DYNAMIC_NO_PIC = NO;
				GCC_NO_COMMON_BLOCKS = YES;
				GCC_OPTIMIZATION_LEVEL = 0;
				GCC_PREPROCESSOR_DEFINITIONS = (
					"DEBUG=1",
					"$(inherited)",
				);
				GCC_WARN_64_TO_32_BIT_CONVERSION = YES;
				GCC_WARN_ABOUT_RETURN_TYPE = YES_ERROR;
				GCC_WARN_UNDECLARED_SELECTOR = YES;
				GCC_WARN_UNINITIALIZED_AUTOS = YES_AGGRESSIVE;
				GCC_WARN_UNUSED_FUNCTION = YES;
				GCC_WARN_UNUSED_VARIABLE = YES;
				IPHONEOS_DEPLOYMENT_TARGET = 10.2;
				MTL_ENABLE_DEBUG_INFO = YES;
				ONLY_ACTIVE_ARCH = YES;
				SDKROOT = iphoneos;
				TARGETED_DEVICE_FAMILY = "1,2";
			};
			name = Debug;
		};
		C43289051E83A4660007B626 /* Release */ = {
			isa = XCBuildConfiguration;
			buildSettings = {
				ALWAYS_SEARCH_USER_PATHS = NO;
				CLANG_ANALYZER_NONNULL = YES;
				CLANG_CXX_LANGUAGE_STANDARD = "gnu++0x";
				CLANG_CXX_LIBRARY = "libc++";
				CLANG_ENABLE_MODULES = YES;
				CLANG_ENABLE_OBJC_ARC = YES;
				CLANG_WARN_BOOL_CONVERSION = YES;
				CLANG_WARN_CONSTANT_CONVERSION = YES;
				CLANG_WARN_DIRECT_OBJC_ISA_USAGE = YES_ERROR;
				CLANG_WARN_DOCUMENTATION_COMMENTS = YES;
				CLANG_WARN_EMPTY_BODY = YES;
				CLANG_WARN_ENUM_CONVERSION = YES;
				CLANG_WARN_INFINITE_RECURSION = YES;
				CLANG_WARN_INT_CONVERSION = YES;
				CLANG_WARN_OBJC_ROOT_CLASS = YES_ERROR;
				CLANG_WARN_SUSPICIOUS_MOVE = YES;
				CLANG_WARN_UNREACHABLE_CODE = YES;
				CLANG_WARN__DUPLICATE_METHOD_MATCH = YES;
				"CODE_SIGN_IDENTITY[sdk=iphoneos*]" = "iPhone Developer";
				COPY_PHASE_STRIP = NO;
				DEBUG_INFORMATION_FORMAT = "dwarf-with-dsym";
				ENABLE_NS_ASSERTIONS = NO;
				ENABLE_STRICT_OBJC_MSGSEND = YES;
				GCC_C_LANGUAGE_STANDARD = gnu99;
				GCC_NO_COMMON_BLOCKS = YES;
				GCC_WARN_64_TO_32_BIT_CONVERSION = YES;
				GCC_WARN_ABOUT_RETURN_TYPE = YES_ERROR;
				GCC_WARN_UNDECLARED_SELECTOR = YES;
				GCC_WARN_UNINITIALIZED_AUTOS = YES_AGGRESSIVE;
				GCC_WARN_UNUSED_FUNCTION = YES;
				GCC_WARN_UNUSED_VARIABLE = YES;
				IPHONEOS_DEPLOYMENT_TARGET = 10.2;
				MTL_ENABLE_DEBUG_INFO = NO;
				SDKROOT = iphoneos;
				TARGETED_DEVICE_FAMILY = "1,2";
				VALIDATE_PRODUCT = YES;
			};
			name = Release;
		};
		C43289071E83A4660007B626 /* Debug */ = {
			isa = XCBuildConfiguration;
			buildSettings = {
				ASSETCATALOG_COMPILER_APPICON_NAME = AppIcon;
				DEVELOPMENT_TEAM = BENRNW999J;
				INFOPLIST_FILE = JDPlayerPro/Info.plist;
				IPHONEOS_DEPLOYMENT_TARGET = 8.0;
				LD_RUNPATH_SEARCH_PATHS = "$(inherited) @executable_path/Frameworks";
				PRODUCT_BUNDLE_IDENTIFIER = com.depa.JDPlayerPro;
				PRODUCT_NAME = "$(TARGET_NAME)";
			};
			name = Debug;
		};
		C43289081E83A4660007B626 /* Release */ = {
			isa = XCBuildConfiguration;
			buildSettings = {
				ASSETCATALOG_COMPILER_APPICON_NAME = AppIcon;
				DEVELOPMENT_TEAM = BENRNW999J;
				INFOPLIST_FILE = JDPlayerPro/Info.plist;
				IPHONEOS_DEPLOYMENT_TARGET = 8.0;
				LD_RUNPATH_SEARCH_PATHS = "$(inherited) @executable_path/Frameworks";
				PRODUCT_BUNDLE_IDENTIFIER = com.depa.JDPlayerPro;
				PRODUCT_NAME = "$(TARGET_NAME)";
			};
			name = Release;
		};
/* End XCBuildConfiguration section */

/* Begin XCConfigurationList section */
		C43288EA1E83A4660007B626 /* Build configuration list for PBXProject "JDPlayerPro" */ = {
			isa = XCConfigurationList;
			buildConfigurations = (
				C43289041E83A4660007B626 /* Debug */,
				C43289051E83A4660007B626 /* Release */,
			);
			defaultConfigurationIsVisible = 0;
			defaultConfigurationName = Release;
		};
		C43289061E83A4660007B626 /* Build configuration list for PBXNativeTarget "JDPlayerPro" */ = {
			isa = XCConfigurationList;
			buildConfigurations = (
				C43289071E83A4660007B626 /* Debug */,
				C43289081E83A4660007B626 /* Release */,
			);
			defaultConfigurationIsVisible = 0;
		};
/* End XCConfigurationList section */
	};
	rootObject = C43288E71E83A4660007B626 /* Project object */;
}
